// !$*UTF8*$!
{
	archiveVersion = 1;
	classes = {
	};
	objectVersion = 50;
	objects = {

/* Begin PBXBuildFile section */
		7CA618F32680CC2D00E97FA6 /* SwiftyHomeApp.swift in Sources */ = {isa = PBXBuildFile; fileRef = 7CA618F22680CC2D00E97FA6 /* SwiftyHomeApp.swift */; };
		7CA618F52680CC2D00E97FA6 /* AppHomeView.swift in Sources */ = {isa = PBXBuildFile; fileRef = 7CA618F42680CC2D00E97FA6 /* AppHomeView.swift */; };
		7CA618F72680CC2F00E97FA6 /* Assets.xcassets in Resources */ = {isa = PBXBuildFile; fileRef = 7CA618F62680CC2F00E97FA6 /* Assets.xcassets */; };
		7CA618FA2680CC2F00E97FA6 /* Preview Assets.xcassets in Resources */ = {isa = PBXBuildFile; fileRef = 7CA618F92680CC2F00E97FA6 /* Preview Assets.xcassets */; };
		7CA619032680E45E00E97FA6 /* HeaderView.swift in Sources */ = {isa = PBXBuildFile; fileRef = 7CA619022680E45E00E97FA6 /* HeaderView.swift */; };
		7CA619052680E47F00E97FA6 /* LightsListView.swift in Sources */ = {isa = PBXBuildFile; fileRef = 7CA619042680E47F00E97FA6 /* LightsListView.swift */; };
		7CA619072680E49D00E97FA6 /* LightLineView.swift in Sources */ = {isa = PBXBuildFile; fileRef = 7CA619062680E49D00E97FA6 /* LightLineView.swift */; };
		7CA619092680E54300E97FA6 /* LightDetailView.swift in Sources */ = {isa = PBXBuildFile; fileRef = 7CA619082680E54300E97FA6 /* LightDetailView.swift */; };
		7CA6190B2680E56F00E97FA6 /* LightViewModel.swift in Sources */ = {isa = PBXBuildFile; fileRef = 7CA6190A2680E56F00E97FA6 /* LightViewModel.swift */; };
		7CA619102680E59E00E97FA6 /* LightModel.swift in Sources */ = {isa = PBXBuildFile; fileRef = 7CA6190F2680E59E00E97FA6 /* LightModel.swift */; };
		7CA619132680E5BF00E97FA6 /* VisualEffectView.swift in Sources */ = {isa = PBXBuildFile; fileRef = 7CA619122680E5BF00E97FA6 /* VisualEffectView.swift */; };
/* End PBXBuildFile section */

/* Begin PBXFileReference section */
		7CA618EF2680CC2D00E97FA6 /* SwiftyHome.app */ = {isa = PBXFileReference; explicitFileType = wrapper.application; includeInIndex = 0; path = SwiftyHome.app; sourceTree = BUILT_PRODUCTS_DIR; };
		7CA618F22680CC2D00E97FA6 /* SwiftyHomeApp.swift */ = {isa = PBXFileReference; lastKnownFileType = sourcecode.swift; path = SwiftyHomeApp.swift; sourceTree = "<group>"; };
		7CA618F42680CC2D00E97FA6 /* AppHomeView.swift */ = {isa = PBXFileReference; lastKnownFileType = sourcecode.swift; path = AppHomeView.swift; sourceTree = "<group>"; };
		7CA618F62680CC2F00E97FA6 /* Assets.xcassets */ = {isa = PBXFileReference; lastKnownFileType = folder.assetcatalog; path = Assets.xcassets; sourceTree = "<group>"; };
		7CA618F92680CC2F00E97FA6 /* Preview Assets.xcassets */ = {isa = PBXFileReference; lastKnownFileType = folder.assetcatalog; path = "Preview Assets.xcassets"; sourceTree = "<group>"; };
		7CA618FB2680CC2F00E97FA6 /* Info.plist */ = {isa = PBXFileReference; lastKnownFileType = text.plist.xml; path = Info.plist; sourceTree = "<group>"; };
		7CA619022680E45E00E97FA6 /* HeaderView.swift */ = {isa = PBXFileReference; lastKnownFileType = sourcecode.swift; path = HeaderView.swift; sourceTree = "<group>"; };
		7CA619042680E47F00E97FA6 /* LightsListView.swift */ = {isa = PBXFileReference; lastKnownFileType = sourcecode.swift; path = LightsListView.swift; sourceTree = "<group>"; };
		7CA619062680E49D00E97FA6 /* LightLineView.swift */ = {isa = PBXFileReference; lastKnownFileType = sourcecode.swift; path = LightLineView.swift; sourceTree = "<group>"; };
		7CA619082680E54300E97FA6 /* LightDetailView.swift */ = {isa = PBXFileReference; lastKnownFileType = sourcecode.swift; path = LightDetailView.swift; sourceTree = "<group>"; };
		7CA6190A2680E56F00E97FA6 /* LightViewModel.swift */ = {isa = PBXFileReference; lastKnownFileType = sourcecode.swift; path = LightViewModel.swift; sourceTree = "<group>"; };
		7CA6190F2680E59E00E97FA6 /* LightModel.swift */ = {isa = PBXFileReference; lastKnownFileType = sourcecode.swift; path = LightModel.swift; sourceTree = "<group>"; };
		7CA619122680E5BF00E97FA6 /* VisualEffectView.swift */ = {isa = PBXFileReference; lastKnownFileType = sourcecode.swift; path = VisualEffectView.swift; sourceTree = "<group>"; };
/* End PBXFileReference section */

/* Begin PBXFrameworksBuildPhase section */
		7CA618EC2680CC2D00E97FA6 /* Frameworks */ = {
			isa = PBXFrameworksBuildPhase;
			buildActionMask = 2147483647;
			files = (
			);
			runOnlyForDeploymentPostprocessing = 0;
		};
/* End PBXFrameworksBuildPhase section */

/* Begin PBXGroup section */
		7CA618E62680CC2D00E97FA6 = {
			isa = PBXGroup;
			children = (
				7CA618F12680CC2D00E97FA6 /* SwiftyHome */,
				7CA618F02680CC2D00E97FA6 /* Products */,
			);
			sourceTree = "<group>";
		};
		7CA618F02680CC2D00E97FA6 /* Products */ = {
			isa = PBXGroup;
			children = (
				7CA618EF2680CC2D00E97FA6 /* SwiftyHome.app */,
			);
			name = Products;
			sourceTree = "<group>";
		};
		7CA618F12680CC2D00E97FA6 /* SwiftyHome */ = {
			isa = PBXGroup;
			children = (
				7CA619112680E5B300E97FA6 /* CustomObjects */,
				7CA6190E2680E59400E97FA6 /* Models */,
				7CA6190D2680E57900E97FA6 /* View Models */,
				7CA619012680E44C00E97FA6 /* Views */,
				7CA618F22680CC2D00E97FA6 /* SwiftyHomeApp.swift */,
				7CA618F62680CC2F00E97FA6 /* Assets.xcassets */,
				7CA618FB2680CC2F00E97FA6 /* Info.plist */,
				7CA618F82680CC2F00E97FA6 /* Preview Content */,
			);
			path = SwiftyHome;
			sourceTree = "<group>";
		};
		7CA618F82680CC2F00E97FA6 /* Preview Content */ = {
			isa = PBXGroup;
			children = (
				7CA618F92680CC2F00E97FA6 /* Preview Assets.xcassets */,
			);
			path = "Preview Content";
			sourceTree = "<group>";
		};
		7CA619012680E44C00E97FA6 /* Views */ = {
			isa = PBXGroup;
			children = (
				7CA618F42680CC2D00E97FA6 /* AppHomeView.swift */,
				7CA619022680E45E00E97FA6 /* HeaderView.swift */,
				7CA619042680E47F00E97FA6 /* LightsListView.swift */,
				7CA619062680E49D00E97FA6 /* LightLineView.swift */,
				7CA619082680E54300E97FA6 /* LightDetailView.swift */,
			);
			path = Views;
			sourceTree = "<group>";
		};
		7CA6190D2680E57900E97FA6 /* View Models */ = {
			isa = PBXGroup;
			children = (
				7CA6190A2680E56F00E97FA6 /* LightViewModel.swift */,
			);
			path = "View Models";
			sourceTree = "<group>";
		};
		7CA6190E2680E59400E97FA6 /* Models */ = {
			isa = PBXGroup;
			children = (
				7CA6190F2680E59E00E97FA6 /* LightModel.swift */,
			);
			path = Models;
			sourceTree = "<group>";
		};
		7CA619112680E5B300E97FA6 /* CustomObjects */ = {
			isa = PBXGroup;
			children = (
				7CA619122680E5BF00E97FA6 /* VisualEffectView.swift */,
			);
			path = CustomObjects;
			sourceTree = "<group>";
		};
/* End PBXGroup section */

/* Begin PBXNativeTarget section */
		7CA618EE2680CC2D00E97FA6 /* SwiftyHome */ = {
			isa = PBXNativeTarget;
			buildConfigurationList = 7CA618FE2680CC2F00E97FA6 /* Build configuration list for PBXNativeTarget "SwiftyHome" */;
			buildPhases = (
				7CA618EB2680CC2D00E97FA6 /* Sources */,
				7CA618EC2680CC2D00E97FA6 /* Frameworks */,
				7CA618ED2680CC2D00E97FA6 /* Resources */,
			);
			buildRules = (
			);
			dependencies = (
			);
			name = SwiftyHome;
			productName = SwiftyHome;
			productReference = 7CA618EF2680CC2D00E97FA6 /* SwiftyHome.app */;
			productType = "com.apple.product-type.application";
		};
/* End PBXNativeTarget section */

/* Begin PBXProject section */
		7CA618E72680CC2D00E97FA6 /* Project object */ = {
			isa = PBXProject;
			attributes = {
				LastSwiftUpdateCheck = 1250;
				LastUpgradeCheck = 1250;
				TargetAttributes = {
					7CA618EE2680CC2D00E97FA6 = {
						CreatedOnToolsVersion = 12.5;
					};
				};
			};
			buildConfigurationList = 7CA618EA2680CC2D00E97FA6 /* Build configuration list for PBXProject "SwiftyHome" */;
			compatibilityVersion = "Xcode 9.3";
			developmentRegion = en;
			hasScannedForEncodings = 0;
			knownRegions = (
				en,
				Base,
			);
			mainGroup = 7CA618E62680CC2D00E97FA6;
			productRefGroup = 7CA618F02680CC2D00E97FA6 /* Products */;
			projectDirPath = "";
			projectRoot = "";
			targets = (
				7CA618EE2680CC2D00E97FA6 /* SwiftyHome */,
			);
		};
/* End PBXProject section */

/* Begin PBXResourcesBuildPhase section */
		7CA618ED2680CC2D00E97FA6 /* Resources */ = {
			isa = PBXResourcesBuildPhase;
			buildActionMask = 2147483647;
			files = (
				7CA618FA2680CC2F00E97FA6 /* Preview Assets.xcassets in Resources */,
				7CA618F72680CC2F00E97FA6 /* Assets.xcassets in Resources */,
			);
			runOnlyForDeploymentPostprocessing = 0;
		};
/* End PBXResourcesBuildPhase section */

/* Begin PBXSourcesBuildPhase section */
		7CA618EB2680CC2D00E97FA6 /* Sources */ = {
			isa = PBXSourcesBuildPhase;
			buildActionMask = 2147483647;
			files = (
				7CA619092680E54300E97FA6 /* LightDetailView.swift in Sources */,
				7CA618F52680CC2D00E97FA6 /* AppHomeView.swift in Sources */,
				7CA619132680E5BF00E97FA6 /* VisualEffectView.swift in Sources */,
				7CA619052680E47F00E97FA6 /* LightsListView.swift in Sources */,
				7CA6190B2680E56F00E97FA6 /* LightViewModel.swift in Sources */,
				7CA619102680E59E00E97FA6 /* LightModel.swift in Sources */,
				7CA619072680E49D00E97FA6 /* LightLineView.swift in Sources */,
				7CA619032680E45E00E97FA6 /* HeaderView.swift in Sources */,
				7CA618F32680CC2D00E97FA6 /* SwiftyHomeApp.swift in Sources */,
			);
			runOnlyForDeploymentPostprocessing = 0;
		};
/* End PBXSourcesBuildPhase section */

/* Begin XCBuildConfiguration section */
		7CA618FC2680CC2F00E97FA6 /* Debug */ = {
			isa = XCBuildConfiguration;
			buildSettings = {
				ALWAYS_SEARCH_USER_PATHS = NO;
				CLANG_ANALYZER_NONNULL = YES;
				CLANG_ANALYZER_NUMBER_OBJECT_CONVERSION = YES_AGGRESSIVE;
				CLANG_CXX_LANGUAGE_STANDARD = "gnu++14";
				CLANG_CXX_LIBRARY = "libc++";
				CLANG_ENABLE_MODULES = YES;
				CLANG_ENABLE_OBJC_ARC = YES;
				CLANG_ENABLE_OBJC_WEAK = YES;
				CLANG_WARN_BLOCK_CAPTURE_AUTORELEASING = YES;
				CLANG_WARN_BOOL_CONVERSION = YES;
				CLANG_WARN_COMMA = YES;
				CLANG_WARN_CONSTANT_CONVERSION = YES;
				CLANG_WARN_DEPRECATED_OBJC_IMPLEMENTATIONS = YES;
				CLANG_WARN_DIRECT_OBJC_ISA_USAGE = YES_ERROR;
				CLANG_WARN_DOCUMENTATION_COMMENTS = YES;
				CLANG_WARN_EMPTY_BODY = YES;
				CLANG_WARN_ENUM_CONVERSION = YES;
				CLANG_WARN_INFINITE_RECURSION = YES;
				CLANG_WARN_INT_CONVERSION = YES;
				CLANG_WARN_NON_LITERAL_NULL_CONVERSION = YES;
				CLANG_WARN_OBJC_IMPLICIT_RETAIN_SELF = YES;
				CLANG_WARN_OBJC_LITERAL_CONVERSION = YES;
				CLANG_WARN_OBJC_ROOT_CLASS = YES_ERROR;
				CLANG_WARN_QUOTED_INCLUDE_IN_FRAMEWORK_HEADER = YES;
				CLANG_WARN_RANGE_LOOP_ANALYSIS = YES;
				CLANG_WARN_STRICT_PROTOTYPES = YES;
				CLANG_WARN_SUSPICIOUS_MOVE = YES;
				CLANG_WARN_UNGUARDED_AVAILABILITY = YES_AGGRESSIVE;
				CLANG_WARN_UNREACHABLE_CODE = YES;
				CLANG_WARN__DUPLICATE_METHOD_MATCH = YES;
				COPY_PHASE_STRIP = NO;
				DEBUG_INFORMATION_FORMAT = dwarf;
				ENABLE_STRICT_OBJC_MSGSEND = YES;
				ENABLE_TESTABILITY = YES;
				GCC_C_LANGUAGE_STANDARD = gnu11;
				GCC_DYNAMIC_NO_PIC = NO;
				GCC_NO_COMMON_BLOCKS = YES;
				GCC_OPTIMIZATION_LEVEL = 0;
				GCC_PREPROCESSOR_DEFINITIONS = (
					"DEBUG=1",
					"$(inherited)",
				);
				GCC_WARN_64_TO_32_BIT_CONVERSION = YES;
				GCC_WARN_ABOUT_RETURN_TYPE = YES_ERROR;
				GCC_WARN_UNDECLARED_SELECTOR = YES;
				GCC_WARN_UNINITIALIZED_AUTOS = YES_AGGRESSIVE;
				GCC_WARN_UNUSED_FUNCTION = YES;
				GCC_WARN_UNUSED_VARIABLE = YES;
				IPHONEOS_DEPLOYMENT_TARGET = 14.5;
				MTL_ENABLE_DEBUG_INFO = INCLUDE_SOURCE;
				MTL_FAST_MATH = YES;
				ONLY_ACTIVE_ARCH = YES;
				SDKROOT = iphoneos;
				SWIFT_ACTIVE_COMPILATION_CONDITIONS = DEBUG;
				SWIFT_OPTIMIZATION_LEVEL = "-Onone";
			};
			name = Debug;
		};
		7CA618FD2680CC2F00E97FA6 /* Release */ = {
			isa = XCBuildConfiguration;
			buildSettings = {
				ALWAYS_SEARCH_USER_PATHS = NO;
				CLANG_ANALYZER_NONNULL = YES;
				CLANG_ANALYZER_NUMBER_OBJECT_CONVERSION = YES_AGGRESSIVE;
				CLANG_CXX_LANGUAGE_STANDARD = "gnu++14";
				CLANG_CXX_LIBRARY = "libc++";
				CLANG_ENABLE_MODULES = YES;
				CLANG_ENABLE_OBJC_ARC = YES;
				CLANG_ENABLE_OBJC_WEAK = YES;
				CLANG_WARN_BLOCK_CAPTURE_AUTORELEASING = YES;
				CLANG_WARN_BOOL_CONVERSION = YES;
				CLANG_WARN_COMMA = YES;
				CLANG_WARN_CONSTANT_CONVERSION = YES;
				CLANG_WARN_DEPRECATED_OBJC_IMPLEMENTATIONS = YES;
				CLANG_WARN_DIRECT_OBJC_ISA_USAGE = YES_ERROR;
				CLANG_WARN_DOCUMENTATION_COMMENTS = YES;
				CLANG_WARN_EMPTY_BODY = YES;
				CLANG_WARN_ENUM_CONVERSION = YES;
				CLANG_WARN_INFINITE_RECURSION = YES;
				CLANG_WARN_INT_CONVERSION = YES;
				CLANG_WARN_NON_LITERAL_NULL_CONVERSION = YES;
				CLANG_WARN_OBJC_IMPLICIT_RETAIN_SELF = YES;
				CLANG_WARN_OBJC_LITERAL_CONVERSION = YES;
				CLANG_WARN_OBJC_ROOT_CLASS = YES_ERROR;
				CLANG_WARN_QUOTED_INCLUDE_IN_FRAMEWORK_HEADER = YES;
				CLANG_WARN_RANGE_LOOP_ANALYSIS = YES;
				CLANG_WARN_STRICT_PROTOTYPES = YES;
				CLANG_WARN_SUSPICIOUS_MOVE = YES;
				CLANG_WARN_UNGUARDED_AVAILABILITY = YES_AGGRESSIVE;
				CLANG_WARN_UNREACHABLE_CODE = YES;
				CLANG_WARN__DUPLICATE_METHOD_MATCH = YES;
				COPY_PHASE_STRIP = NO;
				DEBUG_INFORMATION_FORMAT = "dwarf-with-dsym";
				ENABLE_NS_ASSERTIONS = NO;
				ENABLE_STRICT_OBJC_MSGSEND = YES;
				GCC_C_LANGUAGE_STANDARD = gnu11;
				GCC_NO_COMMON_BLOCKS = YES;
				GCC_WARN_64_TO_32_BIT_CONVERSION = YES;
				GCC_WARN_ABOUT_RETURN_TYPE = YES_ERROR;
				GCC_WARN_UNDECLARED_SELECTOR = YES;
				GCC_WARN_UNINITIALIZED_AUTOS = YES_AGGRESSIVE;
				GCC_WARN_UNUSED_FUNCTION = YES;
				GCC_WARN_UNUSED_VARIABLE = YES;
				IPHONEOS_DEPLOYMENT_TARGET = 14.5;
				MTL_ENABLE_DEBUG_INFO = NO;
				MTL_FAST_MATH = YES;
				SDKROOT = iphoneos;
				SWIFT_COMPILATION_MODE = wholemodule;
				SWIFT_OPTIMIZATION_LEVEL = "-O";
				VALIDATE_PRODUCT = YES;
			};
			name = Release;
		};
		7CA618FF2680CC2F00E97FA6 /* Debug */ = {
			isa = XCBuildConfiguration;
			buildSettings = {
				ASSETCATALOG_COMPILER_APPICON_NAME = AppIcon;
				ASSETCATALOG_COMPILER_GLOBAL_ACCENT_COLOR_NAME = AccentColor;
				CODE_SIGN_STYLE = Automatic;
				DEVELOPMENT_ASSET_PATHS = "\"SwiftyHome/Preview Content\"";
				DEVELOPMENT_TEAM = EMX5WZVKLF;
				ENABLE_PREVIEWS = YES;
				INFOPLIST_FILE = SwiftyHome/Info.plist;
				IPHONEOS_DEPLOYMENT_TARGET = 14.0;
				LD_RUNPATH_SEARCH_PATHS = (
					"$(inherited)",
					"@executable_path/Frameworks",
				);
				PRODUCT_BUNDLE_IDENTIFIER = com.jpapps.SwiftyHome;
				PRODUCT_NAME = "$(TARGET_NAME)";
				SWIFT_VERSION = 5.0;
				TARGETED_DEVICE_FAMILY = "1,2";
			};
			name = Debug;
		};
		7CA619002680CC2F00E97FA6 /* Release */ = {
			isa = XCBuildConfiguration;
			buildSettings = {
				ASSETCATALOG_COMPILER_APPICON_NAME = AppIcon;
				ASSETCATALOG_COMPILER_GLOBAL_ACCENT_COLOR_NAME = AccentColor;
				CODE_SIGN_STYLE = Automatic;
				DEVELOPMENT_ASSET_PATHS = "\"SwiftyHome/Preview Content\"";
				DEVELOPMENT_TEAM = EMX5WZVKLF;
				ENABLE_PREVIEWS = YES;
				INFOPLIST_FILE = SwiftyHome/Info.plist;
				IPHONEOS_DEPLOYMENT_TARGET = 14.0;
				LD_RUNPATH_SEARCH_PATHS = (
					"$(inherited)",
					"@executable_path/Frameworks",
				);
				PRODUCT_BUNDLE_IDENTIFIER = com.jpapps.SwiftyHome;
				PRODUCT_NAME = "$(TARGET_NAME)";
				SWIFT_VERSION = 5.0;
				TARGETED_DEVICE_FAMILY = "1,2";
			};
			name = Release;
		};
/* End XCBuildConfiguration section */

/* Begin XCConfigurationList section */
		7CA618EA2680CC2D00E97FA6 /* Build configuration list for PBXProject "SwiftyHome" */ = {
			isa = XCConfigurationList;
			buildConfigurations = (
				7CA618FC2680CC2F00E97FA6 /* Debug */,
				7CA618FD2680CC2F00E97FA6 /* Release */,
			);
			defaultConfigurationIsVisible = 0;
			defaultConfigurationName = Release;
		};
		7CA618FE2680CC2F00E97FA6 /* Build configuration list for PBXNativeTarget "SwiftyHome" */ = {
			isa = XCConfigurationList;
			buildConfigurations = (
				7CA618FF2680CC2F00E97FA6 /* Debug */,
				7CA619002680CC2F00E97FA6 /* Release */,
			);
			defaultConfigurationIsVisible = 0;
			defaultConfigurationName = Release;
		};
/* End XCConfigurationList section */
	};
	rootObject = 7CA618E72680CC2D00E97FA6 /* Project object */;
}
